
Microsoft Visual Studio Solution File, Format Version 12.00
# Visual Studio Version 17
VisualStudioVersion = 17.0.32112.339
MinimumVisualStudioVersion = 10.0.40219.1
Project("{FAE04EC0-301F-11D3-BF4B-00C04F79EFBC}") = "RoboTupiniquim.ConsoleApp", "RoboTupiniquim.ConsoleApp\RoboTupiniquim.ConsoleApp.csproj", "{FC791E44-3D61-4A92-8860-E605FEF5A81C}"
EndProject
Global
	GlobalSection(SolutionConfigurationPlatforms) = preSolution
		Debug|Any CPU = Debug|Any CPU
		Release|Any CPU = Release|Any CPU
	EndGlobalSection
	GlobalSection(ProjectConfigurationPlatforms) = postSolution
		{FC791E44-3D61-4A92-8860-E605FEF5A81C}.Debug|Any CPU.ActiveCfg = Debug|Any CPU
		{FC791E44-3D61-4A92-8860-E605FEF5A81C}.Debug|Any CPU.Build.0 = Debug|Any CPU
		{FC791E44-3D61-4A92-8860-E605FEF5A81C}.Release|Any CPU.ActiveCfg = Release|Any CPU
		{FC791E44-3D61-4A92-8860-E605FEF5A81C}.Release|Any CPU.Build.0 = Release|Any CPU
	EndGlobalSection
	GlobalSection(SolutionProperties) = preSolution
		HideSolutionNode = FALSE
	EndGlobalSection
	GlobalSection(ExtensibilityGlobals) = postSolution
		SolutionGuid = {154A8377-35F5-46DA-BEFF-495B328C5FB9}
	EndGlobalSection
EndGlobal
